
Microsoft Visual Studio Solution File, Format Version 11.00
# Visual Studio 2010
Project("{FAE04EC0-301F-11D3-BF4B-00C04F79EFBC}") = "Assembly-CSharp-firstpass", "Assembly-CSharp-firstpass.csproj", "{2d9fc25e-57d0-037b-3910-afd8eae17ee2}"
EndProject
Project("{FAE04EC0-301F-11D3-BF4B-00C04F79EFBC}") = "Assembly-CSharp", "Assembly-CSharp.csproj", "{db6cc4dd-54cb-85a0-2aed-4156fc6a8dfe}"
EndProject
Global
	GlobalSection(SolutionConfigurationPlatforms) = preSolution
		Debug|Any CPU = Debug|Any CPU
	EndGlobalSection
	GlobalSection(ProjectConfigurationPlatforms) = postSolution
		{2d9fc25e-57d0-037b-3910-afd8eae17ee2}.Debug|Any CPU.ActiveCfg = Debug|Any CPU
		{2d9fc25e-57d0-037b-3910-afd8eae17ee2}.Debug|Any CPU.Build.0 = Debug|Any CPU
		{db6cc4dd-54cb-85a0-2aed-4156fc6a8dfe}.Debug|Any CPU.ActiveCfg = Debug|Any CPU
		{db6cc4dd-54cb-85a0-2aed-4156fc6a8dfe}.Debug|Any CPU.Build.0 = Debug|Any CPU
	EndGlobalSection
	GlobalSection(SolutionProperties) = preSolution
		HideSolutionNode = FALSE
	EndGlobalSection
EndGlobal
