
Microsoft Visual Studio Solution File, Format Version 11.00
# Visual Studio 2010
Project("{FAE04EC0-301F-11D3-BF4B-00C04F79EFBC}") = "UnityEngine.TestRunner", "UnityEngine.TestRunner.csproj", "{fb354564-a43b-20c1-62d2-39f4ebbaa837}"
EndProject
Project("{FAE04EC0-301F-11D3-BF4B-00C04F79EFBC}") = "Unity.Mathematics", "Unity.Mathematics.csproj", "{f1d0805a-a936-07d3-170d-c1d5ec7133dc}"
EndProject
Project("{FAE04EC0-301F-11D3-BF4B-00C04F79EFBC}") = "Unity.2D.Animation.Triangle.Runtime", "Unity.2D.Animation.Triangle.Runtime.csproj", "{e65a60af-85b2-e127-b40c-66653a66130a}"
EndProject
Project("{FAE04EC0-301F-11D3-BF4B-00C04F79EFBC}") = "Unity.Timeline", "Unity.Timeline.csproj", "{bd6b2645-0150-deb0-ea29-a54c3ff7e2fa}"
EndProject
Project("{FAE04EC0-301F-11D3-BF4B-00C04F79EFBC}") = "Assembly-CSharp", "Assembly-CSharp.csproj", "{7adcbe60-65f3-e45d-6778-44271933a0e5}"
EndProject
Project("{FAE04EC0-301F-11D3-BF4B-00C04F79EFBC}") = "UnityEngine.UI", "UnityEngine.UI.csproj", "{c01cb65a-b9f2-3fea-8136-ee72c4a5f27d}"
EndProject
Project("{FAE04EC0-301F-11D3-BF4B-00C04F79EFBC}") = "Cinemachine", "Cinemachine.csproj", "{4b0901ee-58c3-7081-f2e7-62df8c835835}"
EndProject
Project("{FAE04EC0-301F-11D3-BF4B-00C04F79EFBC}") = "Unity.TextMeshPro", "Unity.TextMeshPro.csproj", "{f29dc44e-aaa3-a5e5-0e88-48d2f6c6b585}"
EndProject
Project("{FAE04EC0-301F-11D3-BF4B-00C04F79EFBC}") = "Unity.2D.Animation.Runtime", "Unity.2D.Animation.Runtime.csproj", "{93412e9a-1f82-360d-afe8-43ac779db1fc}"
EndProject
Project("{FAE04EC0-301F-11D3-BF4B-00C04F79EFBC}") = "Unity.2D.IK.Runtime", "Unity.2D.IK.Runtime.csproj", "{8fb6b77a-8e82-bc02-3731-b05b4d453f48}"
EndProject
Project("{FAE04EC0-301F-11D3-BF4B-00C04F79EFBC}") = "Assembly-CSharp-firstpass", "Assembly-CSharp-firstpass.csproj", "{9186e0ea-77a7-c906-ff35-3803d4cd43ad}"
EndProject
Project("{FAE04EC0-301F-11D3-BF4B-00C04F79EFBC}") = "Unity.2D.SpriteShape.Runtime", "Unity.2D.SpriteShape.Runtime.csproj", "{549bc3c5-f0f6-b0ba-91ab-aeb1de38c526}"
EndProject
Project("{FAE04EC0-301F-11D3-BF4B-00C04F79EFBC}") = "Unity.2D.PixelPerfect", "Unity.2D.PixelPerfect.csproj", "{c4dd7c82-9407-2fc7-0d78-b4368b1ac6f1}"
EndProject
Project("{FAE04EC0-301F-11D3-BF4B-00C04F79EFBC}") = "Unity.2D.Common.Runtime", "Unity.2D.Common.Runtime.csproj", "{05489f0b-0d36-4fcf-f36d-908ad1879c90}"
EndProject
Project("{FAE04EC0-301F-11D3-BF4B-00C04F79EFBC}") = "Unity.InternalAPIEngineBridge.001", "Unity.InternalAPIEngineBridge.001.csproj", "{de79f6f8-6f47-aae4-d6fc-18448a158b16}"
EndProject
Project("{FAE04EC0-301F-11D3-BF4B-00C04F79EFBC}") = "UnityEditor.TestRunner", "UnityEditor.TestRunner.csproj", "{49341a0a-80ac-392f-9957-75349b1bc4eb}"
EndProject
Project("{FAE04EC0-301F-11D3-BF4B-00C04F79EFBC}") = "UnityEditor.UI", "UnityEditor.UI.csproj", "{62c56d77-0938-67ef-ddf5-441028a4c4e5}"
EndProject
Project("{FAE04EC0-301F-11D3-BF4B-00C04F79EFBC}") = "Unity.Timeline.Editor", "Unity.Timeline.Editor.csproj", "{10955c62-ea68-4b51-cb22-217268526160}"
EndProject
Project("{FAE04EC0-301F-11D3-BF4B-00C04F79EFBC}") = "Unity.VisualStudio.Editor", "Unity.VisualStudio.Editor.csproj", "{1842637b-df3f-94bd-d8e3-44cff6446e61}"
EndProject
Project("{FAE04EC0-301F-11D3-BF4B-00C04F79EFBC}") = "com.unity.cinemachine.editor", "com.unity.cinemachine.editor.csproj", "{4d4ac8c7-dc50-6c92-6f0d-246669693e83}"
EndProject
Project("{FAE04EC0-301F-11D3-BF4B-00C04F79EFBC}") = "Unity.2D.Psdimporter.Editor", "Unity.2D.Psdimporter.Editor.csproj", "{a08a863d-b94f-7fcf-f23f-b0714fe48319}"
EndProject
Project("{FAE04EC0-301F-11D3-BF4B-00C04F79EFBC}") = "Unity.2D.Animation.Editor", "Unity.2D.Animation.Editor.csproj", "{34aa748f-282c-ea5e-2d6c-49e138d78b1f}"
EndProject
Project("{FAE04EC0-301F-11D3-BF4B-00C04F79EFBC}") = "Unity.TextMeshPro.Editor", "Unity.TextMeshPro.Editor.csproj", "{2ab0419a-dff8-6e60-7c6d-32d1c3fc751a}"
EndProject
Project("{FAE04EC0-301F-11D3-BF4B-00C04F79EFBC}") = "Unity.2D.SpriteShape.Editor", "Unity.2D.SpriteShape.Editor.csproj", "{81fedb60-5ddc-9e6a-57f3-8c401fdf9a39}"
EndProject
Project("{FAE04EC0-301F-11D3-BF4B-00C04F79EFBC}") = "Unity.CollabProxy.Editor", "Unity.CollabProxy.Editor.csproj", "{dae139b2-d130-5ce0-776e-0e075f060ea2}"
EndProject
Project("{FAE04EC0-301F-11D3-BF4B-00C04F79EFBC}") = "PsdPlugin", "PsdPlugin.csproj", "{a1ac3e49-666c-9cfb-65d6-d56fbefb9af1}"
EndProject
Project("{FAE04EC0-301F-11D3-BF4B-00C04F79EFBC}") = "Unity.2D.Path.Editor", "Unity.2D.Path.Editor.csproj", "{b61784f3-b7ef-3eb2-2286-f55ebc2719ef}"
EndProject
Project("{FAE04EC0-301F-11D3-BF4B-00C04F79EFBC}") = "Unity.Rider.Editor", "Unity.Rider.Editor.csproj", "{aded57a2-676a-95bb-6c07-e1e31cb24750}"
EndProject
Project("{FAE04EC0-301F-11D3-BF4B-00C04F79EFBC}") = "Unity.2D.IK.Editor", "Unity.2D.IK.Editor.csproj", "{b0a6be4d-def3-7460-458b-acd466c3633c}"
EndProject
Project("{FAE04EC0-301F-11D3-BF4B-00C04F79EFBC}") = "Unity.2D.Sprite.Editor", "Unity.2D.Sprite.Editor.csproj", "{aeb1fc56-8719-bd0c-6990-e72f6baa9111}"
EndProject
Project("{FAE04EC0-301F-11D3-BF4B-00C04F79EFBC}") = "Unity.2D.Tilemap.Editor", "Unity.2D.Tilemap.Editor.csproj", "{d1de5e64-a6ce-9ec9-03ac-1f5c90ba489f}"
EndProject
Project("{FAE04EC0-301F-11D3-BF4B-00C04F79EFBC}") = "Unity.2D.PixelPerfect.Editor", "Unity.2D.PixelPerfect.Editor.csproj", "{370c494e-faa1-e1ab-fcab-5aeded6a7c21}"
EndProject
Project("{FAE04EC0-301F-11D3-BF4B-00C04F79EFBC}") = "Unity.VSCode.Editor", "Unity.VSCode.Editor.csproj", "{1ef15cdd-0ea0-39ca-4dbd-cf969b21ab6f}"
EndProject
Project("{FAE04EC0-301F-11D3-BF4B-00C04F79EFBC}") = "Unity.2D.Common.Editor", "Unity.2D.Common.Editor.csproj", "{2e454197-73f2-0d4a-4088-4d2fe4b2772a}"
EndProject
Project("{FAE04EC0-301F-11D3-BF4B-00C04F79EFBC}") = "Unity.Mathematics.Editor", "Unity.Mathematics.Editor.csproj", "{1e034edd-af06-aee0-2fa1-9367ea11bcec}"
EndProject
Project("{FAE04EC0-301F-11D3-BF4B-00C04F79EFBC}") = "Unity.InternalAPIEditorBridge.001", "Unity.InternalAPIEditorBridge.001.csproj", "{5431a676-b77b-b5b9-4cce-3cb8cbc47b47}"
EndProject
Global
	GlobalSection(SolutionConfigurationPlatforms) = preSolution
		Debug|Any CPU = Debug|Any CPU
	EndGlobalSection
	GlobalSection(ProjectConfigurationPlatforms) = postSolution
		{fb354564-a43b-20c1-62d2-39f4ebbaa837}.Debug|Any CPU.ActiveCfg = Debug|Any CPU
		{fb354564-a43b-20c1-62d2-39f4ebbaa837}.Debug|Any CPU.Build.0 = Debug|Any CPU
		{f1d0805a-a936-07d3-170d-c1d5ec7133dc}.Debug|Any CPU.ActiveCfg = Debug|Any CPU
		{f1d0805a-a936-07d3-170d-c1d5ec7133dc}.Debug|Any CPU.Build.0 = Debug|Any CPU
		{e65a60af-85b2-e127-b40c-66653a66130a}.Debug|Any CPU.ActiveCfg = Debug|Any CPU
		{e65a60af-85b2-e127-b40c-66653a66130a}.Debug|Any CPU.Build.0 = Debug|Any CPU
		{bd6b2645-0150-deb0-ea29-a54c3ff7e2fa}.Debug|Any CPU.ActiveCfg = Debug|Any CPU
		{bd6b2645-0150-deb0-ea29-a54c3ff7e2fa}.Debug|Any CPU.Build.0 = Debug|Any CPU
		{7adcbe60-65f3-e45d-6778-44271933a0e5}.Debug|Any CPU.ActiveCfg = Debug|Any CPU
		{7adcbe60-65f3-e45d-6778-44271933a0e5}.Debug|Any CPU.Build.0 = Debug|Any CPU
		{c01cb65a-b9f2-3fea-8136-ee72c4a5f27d}.Debug|Any CPU.ActiveCfg = Debug|Any CPU
		{c01cb65a-b9f2-3fea-8136-ee72c4a5f27d}.Debug|Any CPU.Build.0 = Debug|Any CPU
		{4b0901ee-58c3-7081-f2e7-62df8c835835}.Debug|Any CPU.ActiveCfg = Debug|Any CPU
		{4b0901ee-58c3-7081-f2e7-62df8c835835}.Debug|Any CPU.Build.0 = Debug|Any CPU
		{f29dc44e-aaa3-a5e5-0e88-48d2f6c6b585}.Debug|Any CPU.ActiveCfg = Debug|Any CPU
		{f29dc44e-aaa3-a5e5-0e88-48d2f6c6b585}.Debug|Any CPU.Build.0 = Debug|Any CPU
		{93412e9a-1f82-360d-afe8-43ac779db1fc}.Debug|Any CPU.ActiveCfg = Debug|Any CPU
		{93412e9a-1f82-360d-afe8-43ac779db1fc}.Debug|Any CPU.Build.0 = Debug|Any CPU
		{8fb6b77a-8e82-bc02-3731-b05b4d453f48}.Debug|Any CPU.ActiveCfg = Debug|Any CPU
		{8fb6b77a-8e82-bc02-3731-b05b4d453f48}.Debug|Any CPU.Build.0 = Debug|Any CPU
		{9186e0ea-77a7-c906-ff35-3803d4cd43ad}.Debug|Any CPU.ActiveCfg = Debug|Any CPU
		{9186e0ea-77a7-c906-ff35-3803d4cd43ad}.Debug|Any CPU.Build.0 = Debug|Any CPU
		{549bc3c5-f0f6-b0ba-91ab-aeb1de38c526}.Debug|Any CPU.ActiveCfg = Debug|Any CPU
		{549bc3c5-f0f6-b0ba-91ab-aeb1de38c526}.Debug|Any CPU.Build.0 = Debug|Any CPU
		{c4dd7c82-9407-2fc7-0d78-b4368b1ac6f1}.Debug|Any CPU.ActiveCfg = Debug|Any CPU
		{c4dd7c82-9407-2fc7-0d78-b4368b1ac6f1}.Debug|Any CPU.Build.0 = Debug|Any CPU
		{05489f0b-0d36-4fcf-f36d-908ad1879c90}.Debug|Any CPU.ActiveCfg = Debug|Any CPU
		{05489f0b-0d36-4fcf-f36d-908ad1879c90}.Debug|Any CPU.Build.0 = Debug|Any CPU
		{de79f6f8-6f47-aae4-d6fc-18448a158b16}.Debug|Any CPU.ActiveCfg = Debug|Any CPU
		{de79f6f8-6f47-aae4-d6fc-18448a158b16}.Debug|Any CPU.Build.0 = Debug|Any CPU
		{49341a0a-80ac-392f-9957-75349b1bc4eb}.Debug|Any CPU.ActiveCfg = Debug|Any CPU
		{49341a0a-80ac-392f-9957-75349b1bc4eb}.Debug|Any CPU.Build.0 = Debug|Any CPU
		{62c56d77-0938-67ef-ddf5-441028a4c4e5}.Debug|Any CPU.ActiveCfg = Debug|Any CPU
		{62c56d77-0938-67ef-ddf5-441028a4c4e5}.Debug|Any CPU.Build.0 = Debug|Any CPU
		{10955c62-ea68-4b51-cb22-217268526160}.Debug|Any CPU.ActiveCfg = Debug|Any CPU
		{10955c62-ea68-4b51-cb22-217268526160}.Debug|Any CPU.Build.0 = Debug|Any CPU
		{1842637b-df3f-94bd-d8e3-44cff6446e61}.Debug|Any CPU.ActiveCfg = Debug|Any CPU
		{1842637b-df3f-94bd-d8e3-44cff6446e61}.Debug|Any CPU.Build.0 = Debug|Any CPU
		{4d4ac8c7-dc50-6c92-6f0d-246669693e83}.Debug|Any CPU.ActiveCfg = Debug|Any CPU
		{4d4ac8c7-dc50-6c92-6f0d-246669693e83}.Debug|Any CPU.Build.0 = Debug|Any CPU
		{a08a863d-b94f-7fcf-f23f-b0714fe48319}.Debug|Any CPU.ActiveCfg = Debug|Any CPU
		{a08a863d-b94f-7fcf-f23f-b0714fe48319}.Debug|Any CPU.Build.0 = Debug|Any CPU
		{34aa748f-282c-ea5e-2d6c-49e138d78b1f}.Debug|Any CPU.ActiveCfg = Debug|Any CPU
		{34aa748f-282c-ea5e-2d6c-49e138d78b1f}.Debug|Any CPU.Build.0 = Debug|Any CPU
		{2ab0419a-dff8-6e60-7c6d-32d1c3fc751a}.Debug|Any CPU.ActiveCfg = Debug|Any CPU
		{2ab0419a-dff8-6e60-7c6d-32d1c3fc751a}.Debug|Any CPU.Build.0 = Debug|Any CPU
		{81fedb60-5ddc-9e6a-57f3-8c401fdf9a39}.Debug|Any CPU.ActiveCfg = Debug|Any CPU
		{81fedb60-5ddc-9e6a-57f3-8c401fdf9a39}.Debug|Any CPU.Build.0 = Debug|Any CPU
		{dae139b2-d130-5ce0-776e-0e075f060ea2}.Debug|Any CPU.ActiveCfg = Debug|Any CPU
		{dae139b2-d130-5ce0-776e-0e075f060ea2}.Debug|Any CPU.Build.0 = Debug|Any CPU
		{a1ac3e49-666c-9cfb-65d6-d56fbefb9af1}.Debug|Any CPU.ActiveCfg = Debug|Any CPU
		{a1ac3e49-666c-9cfb-65d6-d56fbefb9af1}.Debug|Any CPU.Build.0 = Debug|Any CPU
		{b61784f3-b7ef-3eb2-2286-f55ebc2719ef}.Debug|Any CPU.ActiveCfg = Debug|Any CPU
		{b61784f3-b7ef-3eb2-2286-f55ebc2719ef}.Debug|Any CPU.Build.0 = Debug|Any CPU
		{aded57a2-676a-95bb-6c07-e1e31cb24750}.Debug|Any CPU.ActiveCfg = Debug|Any CPU
		{aded57a2-676a-95bb-6c07-e1e31cb24750}.Debug|Any CPU.Build.0 = Debug|Any CPU
		{b0a6be4d-def3-7460-458b-acd466c3633c}.Debug|Any CPU.ActiveCfg = Debug|Any CPU
		{b0a6be4d-def3-7460-458b-acd466c3633c}.Debug|Any CPU.Build.0 = Debug|Any CPU
		{aeb1fc56-8719-bd0c-6990-e72f6baa9111}.Debug|Any CPU.ActiveCfg = Debug|Any CPU
		{aeb1fc56-8719-bd0c-6990-e72f6baa9111}.Debug|Any CPU.Build.0 = Debug|Any CPU
		{d1de5e64-a6ce-9ec9-03ac-1f5c90ba489f}.Debug|Any CPU.ActiveCfg = Debug|Any CPU
		{d1de5e64-a6ce-9ec9-03ac-1f5c90ba489f}.Debug|Any CPU.Build.0 = Debug|Any CPU
		{370c494e-faa1-e1ab-fcab-5aeded6a7c21}.Debug|Any CPU.ActiveCfg = Debug|Any CPU
		{370c494e-faa1-e1ab-fcab-5aeded6a7c21}.Debug|Any CPU.Build.0 = Debug|Any CPU
		{1ef15cdd-0ea0-39ca-4dbd-cf969b21ab6f}.Debug|Any CPU.ActiveCfg = Debug|Any CPU
		{1ef15cdd-0ea0-39ca-4dbd-cf969b21ab6f}.Debug|Any CPU.Build.0 = Debug|Any CPU
		{2e454197-73f2-0d4a-4088-4d2fe4b2772a}.Debug|Any CPU.ActiveCfg = Debug|Any CPU
		{2e454197-73f2-0d4a-4088-4d2fe4b2772a}.Debug|Any CPU.Build.0 = Debug|Any CPU
		{1e034edd-af06-aee0-2fa1-9367ea11bcec}.Debug|Any CPU.ActiveCfg = Debug|Any CPU
		{1e034edd-af06-aee0-2fa1-9367ea11bcec}.Debug|Any CPU.Build.0 = Debug|Any CPU
		{5431a676-b77b-b5b9-4cce-3cb8cbc47b47}.Debug|Any CPU.ActiveCfg = Debug|Any CPU
		{5431a676-b77b-b5b9-4cce-3cb8cbc47b47}.Debug|Any CPU.Build.0 = Debug|Any CPU
	EndGlobalSection
	GlobalSection(SolutionProperties) = preSolution
		HideSolutionNode = FALSE
	EndGlobalSection
EndGlobal
